
Microsoft Visual Studio Solution File, Format Version 12.00
# Visual Studio Version 16
VisualStudioVersion = 16.0.30309.148
MinimumVisualStudioVersion = 10.0.40219.1
Project("{FAE04EC0-301F-11D3-BF4B-00C04F79EFBC}") = "SignalRDemo", "SignalRDemo\SignalRDemo.csproj", "{413C133E-9929-4B38-BE2F-1B8A9EEE8ADC}"
EndProject
Global
	GlobalSection(SolutionConfigurationPlatforms) = preSolution
		Debug|Any CPU = Debug|Any CPU
		Release|Any CPU = Release|Any CPU
	EndGlobalSection
	GlobalSection(ProjectConfigurationPlatforms) = postSolution
		{413C133E-9929-4B38-BE2F-1B8A9EEE8ADC}.Debug|Any CPU.ActiveCfg = Debug|Any CPU
		{413C133E-9929-4B38-BE2F-1B8A9EEE8ADC}.Debug|Any CPU.Build.0 = Debug|Any CPU
		{413C133E-9929-4B38-BE2F-1B8A9EEE8ADC}.Release|Any CPU.ActiveCfg = Release|Any CPU
		{413C133E-9929-4B38-BE2F-1B8A9EEE8ADC}.Release|Any CPU.Build.0 = Release|Any CPU
	EndGlobalSection
	GlobalSection(SolutionProperties) = preSolution
		HideSolutionNode = FALSE
	EndGlobalSection
	GlobalSection(ExtensibilityGlobals) = postSolution
		SolutionGuid = {70F469BE-833F-48B4-B68D-DAA7FD3898BD}
	EndGlobalSection
EndGlobal
